
Microsoft Visual Studio Solution File, Format Version 12.00
# Visual Studio Version 16
VisualStudioVersion = 16.0.31112.23
MinimumVisualStudioVersion = 10.0.40219.1
Project("{9A19103F-16F7-4668-BE54-9A1E7A4F7556}") = "LPG Launcher", "LPG Launcher.csproj", "{374640F9-089E-4A52-9560-E711381CDB49}"
EndProject
Project("{FAE04EC0-301F-11D3-BF4B-00C04F79EFBC}") = "LPG Game Configurator", "..\LPG Game Configurator\LPG Game Configurator.csproj", "{90E2215F-D47E-402A-9C2D-59119118902A}"
EndProject
Global
	GlobalSection(SolutionConfigurationPlatforms) = preSolution
		Debug|Any CPU = Debug|Any CPU
		Debug|x64 = Debug|x64
		Release|Any CPU = Release|Any CPU
		Release|x64 = Release|x64
	EndGlobalSection
	GlobalSection(ProjectConfigurationPlatforms) = postSolution
		{374640F9-089E-4A52-9560-E711381CDB49}.Debug|Any CPU.ActiveCfg = Debug|Any CPU
		{374640F9-089E-4A52-9560-E711381CDB49}.Debug|Any CPU.Build.0 = Debug|Any CPU
		{374640F9-089E-4A52-9560-E711381CDB49}.Debug|x64.ActiveCfg = Debug|Any CPU
		{374640F9-089E-4A52-9560-E711381CDB49}.Debug|x64.Build.0 = Debug|Any CPU
		{374640F9-089E-4A52-9560-E711381CDB49}.Release|Any CPU.ActiveCfg = Release|Any CPU
		{374640F9-089E-4A52-9560-E711381CDB49}.Release|Any CPU.Build.0 = Release|Any CPU
		{374640F9-089E-4A52-9560-E711381CDB49}.Release|x64.ActiveCfg = Release|Any CPU
		{374640F9-089E-4A52-9560-E711381CDB49}.Release|x64.Build.0 = Release|Any CPU
		{90E2215F-D47E-402A-9C2D-59119118902A}.Debug|Any CPU.ActiveCfg = Debug|Any CPU
		{90E2215F-D47E-402A-9C2D-59119118902A}.Debug|Any CPU.Build.0 = Debug|Any CPU
		{90E2215F-D47E-402A-9C2D-59119118902A}.Debug|x64.ActiveCfg = Debug|Any CPU
		{90E2215F-D47E-402A-9C2D-59119118902A}.Debug|x64.Build.0 = Debug|Any CPU
		{90E2215F-D47E-402A-9C2D-59119118902A}.Release|Any CPU.ActiveCfg = Release|Any CPU
		{90E2215F-D47E-402A-9C2D-59119118902A}.Release|Any CPU.Build.0 = Release|Any CPU
		{90E2215F-D47E-402A-9C2D-59119118902A}.Release|x64.ActiveCfg = Release|Any CPU
		{90E2215F-D47E-402A-9C2D-59119118902A}.Release|x64.Build.0 = Release|Any CPU
	EndGlobalSection
	GlobalSection(SolutionProperties) = preSolution
		HideSolutionNode = FALSE
	EndGlobalSection
	GlobalSection(ExtensibilityGlobals) = postSolution
		SolutionGuid = {6CDE56CD-849E-41DD-9BA1-D833F8CE3AB7}
	EndGlobalSection
EndGlobal
